
Microsoft Visual Studio Solution File, Format Version 10.00
# Visual C++ Express 2008
Project("{8BC9CEB8-8B4A-11D0-8D11-00A0C91BC942}") = "ask_mefi_loop", "ask_mefi_loop.vcproj", "{3B5DA5FF-41B7-4FA6-A280-7C77ED293373}"
EndProject
Global
	GlobalSection(SolutionConfigurationPlatforms) = preSolution
		Debug|Win32 = Debug|Win32
		Release|Win32 = Release|Win32
	EndGlobalSection
	GlobalSection(ProjectConfigurationPlatforms) = postSolution
		{3B5DA5FF-41B7-4FA6-A280-7C77ED293373}.Debug|Win32.ActiveCfg = Debug|Win32
		{3B5DA5FF-41B7-4FA6-A280-7C77ED293373}.Debug|Win32.Build.0 = Debug|Win32
		{3B5DA5FF-41B7-4FA6-A280-7C77ED293373}.Release|Win32.ActiveCfg = Release|Win32
		{3B5DA5FF-41B7-4FA6-A280-7C77ED293373}.Release|Win32.Build.0 = Release|Win32
	EndGlobalSection
	GlobalSection(SolutionProperties) = preSolution
		HideSolutionNode = FALSE
	EndGlobalSection
EndGlobal
